PODS:
  - esys_flutter_share (0.0.1):
    - Flutter
  - Flutter (1.0.0)
  - flutter_downloader (0.0.1):
    - Flutter
  - flutter_plugin_pdf_viewer (1.0.5):
    - Flutter
  - FMDB (2.7.5):
    - FMDB/standard (= 2.7.5)
  - FMDB/standard (2.7.5)
  - gallery_saver (0.0.1):
    - Flutter
  - path_provider (0.0.1):
    - Flutter
  - "permission_handler (5.0.1+1)":
    - Flutter
  - sqflite (0.0.1):
    - Flutter
    - FMDB (~> 2.7.2)
  - video_player (0.0.1):
    - Flutter

DEPENDENCIES:
  - esys_flutter_share (from `.symlinks/plugins/esys_flutter_share/ios`)
  - Flutter (from `Flutter`)
  - flutter_downloader (from `.symlinks/plugins/flutter_downloader/ios`)
  - flutter_plugin_pdf_viewer (from `.symlinks/plugins/flutter_plugin_pdf_viewer/ios`)
  - gallery_saver (from `.symlinks/plugins/gallery_saver/ios`)
  - path_provider (from `.symlinks/plugins/path_provider/ios`)
  - permission_handler (from `.symlinks/plugins/permission_handler/ios`)
  - sqflite (from `.symlinks/plugins/sqflite/ios`)
  - video_player (from `.symlinks/plugins/video_player/ios`)

SPEC REPOS:
  trunk:
    - FMDB

EXTERNAL SOURCES:
  esys_flutter_share:
    :path: ".symlinks/plugins/esys_flutter_share/ios"
  Flutter:
    :path: Flutter
  flutter_downloader:
    :path: ".symlinks/plugins/flutter_downloader/ios"
  flutter_plugin_pdf_viewer:
    :path: ".symlinks/plugins/flutter_plugin_pdf_viewer/ios"
  gallery_saver:
    :path: ".symlinks/plugins/gallery_saver/ios"
  path_provider:
    :path: ".symlinks/plugins/path_provider/ios"
  permission_handler:
    :path: ".symlinks/plugins/permission_handler/ios"
  sqflite:
    :path: ".symlinks/plugins/sqflite/ios"
  video_player:
    :path: ".symlinks/plugins/video_player/ios"

SPEC CHECKSUMS:
  esys_flutter_share: 403498dab005b36ce1f8d7aff377e81f0621b0b4
  Flutter: 0e3d915762c693b495b44d77113d4970485de6ec
  flutter_downloader: 058b9c41564a90500f67f3e432e3524613a7fd83
  flutter_plugin_pdf_viewer: 7d8e3a03f42d346b2af8840f980b7de95ad5732a
  FMDB: 2ce00b547f966261cd18927a3ddb07cb6f3db82a
  gallery_saver: 9fc173c9f4fcc48af53b2a9ebea1b643255be542
  path_provider: abfe2b5c733d04e238b0d8691db0cfd63a27a93c
  permission_handler: eac8e15b4a1a3fba55b761d19f3f4e6b005d15b6
  sqflite: 4001a31ff81d210346b500c55b17f4d6c7589dd0
  video_player: 9cc823b1d9da7e8427ee591e8438bfbcde500e6e

PODFILE CHECKSUM: d8099ee2b716ac5e4cf6a9e1561c34c7fb3828e3

COCOAPODS: 1.9.3
